
Microsoft Visual Studio Solution File, Format Version 12.00
# Visual Studio Version 17
VisualStudioVersion = 17.5.2.0
MinimumVisualStudioVersion = 10.0.40219.1
Project("{FAE04EC0-301F-11D3-BF4B-00C04F79EFBC}") = "producer", "producer\producer.csproj", "{7A14C25A-D538-B96B-5201-7C15673AB28D}"
EndProject
Project("{FAE04EC0-301F-11D3-BF4B-00C04F79EFBC}") = "consumer", "consumer\consumer.csproj", "{AAD75573-22F2-4EB5-8BCA-A1655F90910D}"
EndProject
Global
	GlobalSection(SolutionConfigurationPlatforms) = preSolution
		Debug|Any CPU = Debug|Any CPU
		Debug|x64 = Debug|x64
		Debug|x86 = Debug|x86
		Release|Any CPU = Release|Any CPU
		Release|x64 = Release|x64
		Release|x86 = Release|x86
	EndGlobalSection
	GlobalSection(ProjectConfigurationPlatforms) = postSolution
		{7A14C25A-D538-B96B-5201-7C15673AB28D}.Debug|Any CPU.ActiveCfg = Debug|Any CPU
		{7A14C25A-D538-B96B-5201-7C15673AB28D}.Debug|Any CPU.Build.0 = Debug|Any CPU
		{7A14C25A-D538-B96B-5201-7C15673AB28D}.Debug|x64.ActiveCfg = Debug|Any CPU
		{7A14C25A-D538-B96B-5201-7C15673AB28D}.Debug|x64.Build.0 = Debug|Any CPU
		{7A14C25A-D538-B96B-5201-7C15673AB28D}.Debug|x86.ActiveCfg = Debug|Any CPU
		{7A14C25A-D538-B96B-5201-7C15673AB28D}.Debug|x86.Build.0 = Debug|Any CPU
		{7A14C25A-D538-B96B-5201-7C15673AB28D}.Release|Any CPU.ActiveCfg = Release|Any CPU
		{7A14C25A-D538-B96B-5201-7C15673AB28D}.Release|Any CPU.Build.0 = Release|Any CPU
		{7A14C25A-D538-B96B-5201-7C15673AB28D}.Release|x64.ActiveCfg = Release|Any CPU
		{7A14C25A-D538-B96B-5201-7C15673AB28D}.Release|x64.Build.0 = Release|Any CPU
		{7A14C25A-D538-B96B-5201-7C15673AB28D}.Release|x86.ActiveCfg = Release|Any CPU
		{7A14C25A-D538-B96B-5201-7C15673AB28D}.Release|x86.Build.0 = Release|Any CPU
		{AAD75573-22F2-4EB5-8BCA-A1655F90910D}.Debug|Any CPU.ActiveCfg = Debug|Any CPU
		{AAD75573-22F2-4EB5-8BCA-A1655F90910D}.Debug|Any CPU.Build.0 = Debug|Any CPU
		{AAD75573-22F2-4EB5-8BCA-A1655F90910D}.Debug|x64.ActiveCfg = Debug|Any CPU
		{AAD75573-22F2-4EB5-8BCA-A1655F90910D}.Debug|x64.Build.0 = Debug|Any CPU
		{AAD75573-22F2-4EB5-8BCA-A1655F90910D}.Debug|x86.ActiveCfg = Debug|Any CPU
		{AAD75573-22F2-4EB5-8BCA-A1655F90910D}.Debug|x86.Build.0 = Debug|Any CPU
		{AAD75573-22F2-4EB5-8BCA-A1655F90910D}.Release|Any CPU.ActiveCfg = Release|Any CPU
		{AAD75573-22F2-4EB5-8BCA-A1655F90910D}.Release|Any CPU.Build.0 = Release|Any CPU
		{AAD75573-22F2-4EB5-8BCA-A1655F90910D}.Release|x64.ActiveCfg = Release|Any CPU
		{AAD75573-22F2-4EB5-8BCA-A1655F90910D}.Release|x64.Build.0 = Release|Any CPU
		{AAD75573-22F2-4EB5-8BCA-A1655F90910D}.Release|x86.ActiveCfg = Release|Any CPU
		{AAD75573-22F2-4EB5-8BCA-A1655F90910D}.Release|x86.Build.0 = Release|Any CPU
	EndGlobalSection
	GlobalSection(SolutionProperties) = preSolution
		HideSolutionNode = FALSE
	EndGlobalSection
	GlobalSection(ExtensibilityGlobals) = postSolution
		SolutionGuid = {25D5E0A7-1DBC-4A56-AEDC-17F98D5252BA}
	EndGlobalSection
EndGlobal
